# THIS IS AN AUTOGENERATED FILE. DO NOT EDIT THIS FILE DIRECTLY.
# yarn lockfile v1


"@remotion/fonts@4.0.477":
  version "4.0.477"
  resolved "https://registry.yarnpkg.com/@remotion/fonts/-/fonts-4.0.477.tgz#94fe081d31add602719b6307f7cce2f55a470989"
  integrity sha512-X3mhxvc1IK8PzIPuAnl0aDbrTPVNI0mAATNhoiKfUdEByJg/V8vzCqtVXPe9GXfHDl9YIZ+SF5ZR0vJfWThMGw==
  dependencies:
    remotion "4.0.477"

"@remotion/google-fonts@4.0.477":
  version "4.0.477"
  resolved "https://registry.yarnpkg.com/@remotion/google-fonts/-/google-fonts-4.0.477.tgz#42c4140dd2030685e0c37db283e88e7e1ef1989a"
  integrity sha512-f0fx3yJYBICiEj7yaa7ktA95kYj+WkqfPSAuZIlwByHXMcMh8MH/ujvfS5xeqKv7WWOXnb7aq6qu1xO6mt46Fg==
  dependencies:
    remotion "4.0.477"

"@types/react@^19.2.5":
  version "19.2.14"
  resolved "https://registry.yarnpkg.com/@types/react/-/react-19.2.14.tgz#39604929b5e3957e3a6fa0001dafb17c7af70bad"
  integrity sha512-ilcTH/UniCkMdtexkoCN0bI7pMcJDvmQFPvuPvmEaYA/NSfFTAgdUSLAoVjaRJm7+6PvcM+q1zYOwS4wTYMF9w==
  dependencies:
    csstype "^3.2.2"

csstype@^3.2.2:
  version "3.2.3"
  resolved "https://registry.yarnpkg.com/csstype/-/csstype-3.2.3.tgz#ec48c0f3e993e50648c86da559e2610995cf989a"
  integrity sha512-z1HGKcYy2xA8AGQfwrn0PAy+PB7X/GSj3UVJW9qKyn43xWa+gl5nXmU4qqLMRzWVLFC8KusUX8T/0kCiOYpAIQ==

remotion@4.0.477:
  version "4.0.477"
  resolved "https://registry.yarnpkg.com/remotion/-/remotion-4.0.477.tgz#c6c6c1405de01991537faa24fcc67921fb74666b"
  integrity sha512-mxQ8MHmx9YUpxyTSm8hLZW/LGvOzk9b19i02DT9MKKFv+H6ZXkd/1Cn+a908fZWCqM4RRCIy3poXB8KsHiPdow==

typescript@~5.9.3:
  version "5.9.3"
  resolved "https://registry.yarnpkg.com/typescript/-/typescript-5.9.3.tgz#5b4f59e15310ab17a216f5d6cf53ee476ede670f"
  integrity sha512-jl1vZzPDinLr9eUt3J/t7V6FgNEw9QjvBPdysz9KfQDD41fQrC2Y4vKQdiaUpFT4bXlb1RHhLpp8wtm6M5TgSw==
